{
  "version": 4,
  "terraform_version": "1.6.5",
  "serial": 1,
  "lineage": "d46c75a8-704d-4e0a-b974-a367068ac05f",
  "outputs": {},
  "resources": [
    {
      "mode": "managed",
      "type": "local_file",
      "name": "pet",
      "provider": "provider[\"registry.terraform.io/hashicorp/local\"]",
      "instances": [
        {
          "schema_version": 0,
          "attributes": {
            "content": "my name is yusuf",
            "content_base64": null,
            "content_base64sha256": "RaAPgpQOGIjsFKVgaMZ8UHACFyEb5lcD2YQ44VTqt/Y=",
            "content_base64sha512": "rpulGmzMbeOf7Zh+RCt1oDepo/YRAmUUPrQU7lhMq2vzz90aQ4GdDVaiOtKIHIydf9d+aIiD2+zq+BENuwxL+w==",
            "content_md5": "b2a73dc880118053a469d3cb1d847c86",
            "content_sha1": "95ac885b43c79b2c440b7708f69143b9b844fc1a",
            "content_sha256": "45a00f82940e1888ec14a56068c67c50700217211be65703d98438e154eab7f6",
            "content_sha512": "ae9ba51a6ccc6de39fed987e442b75a037a9a3f6110265143eb414ee584cab6bf3cfdd1a43819d0d56a23ad2881c8c9d7fd77e688883dbeceaf8110dbb0c4bfb",
            "directory_permission": "0777",
            "file_permission": "0777",
            "filename": "/root/test.tf",
            "id": "95ac885b43c79b2c440b7708f69143b9b844fc1a",
            "sensitive_content": null,
            "source": null
          },
          "sensitive_attributes": []
        }
      ]
    }
  ],
  "check_results": null
}
